
Microsoft Visual Studio Solution File, Format Version 12.00
# Visual Studio 15
VisualStudioVersion = 15.0.26124.0
MinimumVisualStudioVersion = 15.0.26124.0
Project("{2150E333-8FDC-42A3-9474-1A3956D46DE8}") = "src", "src", "{197AB6A4-73B8-488E-B6DA-9E35593D59A3}"
EndProject
Project("{9A19103F-16F7-4668-BE54-9A1E7A4F7556}") = "Diadophis", "src\Diadophis\Diadophis.csproj", "{E3249419-A43C-4ADF-AFFB-5BDB0EC6A7F7}"
EndProject
Project("{2150E333-8FDC-42A3-9474-1A3956D46DE8}") = "test", "test", "{153015B9-28F4-46E0-BB13-BA403CD13105}"
EndProject
Project("{9A19103F-16F7-4668-BE54-9A1E7A4F7556}") = "Diadophis.Test", "test\Diadophis.Test\Diadophis.Test.csproj", "{37F464CC-689A-4757-B1D2-1585E0035FA0}"
EndProject
Project("{2150E333-8FDC-42A3-9474-1A3956D46DE8}") = "examples", "examples", "{E9893CF9-7EDF-40A2-BB06-BECD70E2BFDE}"
EndProject
Project("{9A19103F-16F7-4668-BE54-9A1E7A4F7556}") = "Diadophis.RabbitMq", "src\Diadophis.RabbitMq\Diadophis.RabbitMq.csproj", "{8A916F66-B857-40D9-AFDF-906051CAC0FD}"
EndProject
Project("{9A19103F-16F7-4668-BE54-9A1E7A4F7556}") = "Diadophis.RabbitMq.Test", "test\Diadophis.RabbitMq.Test\Diadophis.RabbitMq.Test.csproj", "{74341F57-0AD7-47FB-A0BE-145EB40083FD}"
EndProject
Project("{2150E333-8FDC-42A3-9474-1A3956D46DE8}") = "kafka", "kafka", "{8F3F4E5F-2B6C-4159-961E-543366513163}"
EndProject
Project("{9A19103F-16F7-4668-BE54-9A1E7A4F7556}") = "SimpleKafkaConsumer", "examples\kafka\SimpleKafkaConsumer\SimpleKafkaConsumer.csproj", "{7052610A-BC9E-47A0-9D9C-4F6D2AA9A48D}"
EndProject
Project("{9A19103F-16F7-4668-BE54-9A1E7A4F7556}") = "Diadophis.Kafka", "src\Diadophis.Kafka\Diadophis.Kafka.csproj", "{2A6F9919-C953-4B6F-B164-CC6172458144}"
EndProject
Project("{9A19103F-16F7-4668-BE54-9A1E7A4F7556}") = "Diadophis.Kafka.Test", "test\Diadophis.Kafka.Test\Diadophis.Kafka.Test.csproj", "{8EB1EFF9-CE86-4EBC-9448-B92AB5C1186C}"
EndProject
Project("{2150E333-8FDC-42A3-9474-1A3956D46DE8}") = "rabbitmq", "rabbitmq", "{A5F0B4B3-C91E-41D2-94A5-6D5F68AA9CE2}"
EndProject
Project("{9A19103F-16F7-4668-BE54-9A1E7A4F7556}") = "SimpleRabbitMqService", "examples\rabbitmq\SimpleRabbitMqService\SimpleRabbitMqService.csproj", "{218255D2-224B-4AAE-B22F-4114790E8594}"
EndProject
Project("{2150E333-8FDC-42A3-9474-1A3956D46DE8}") = "avro", "avro", "{C7EB3D16-AA43-4DCF-B191-B6AABE618B46}"
	ProjectSection(SolutionItems) = preProject
		examples\kafka\avro\HttpRequest.asvc = examples\kafka\avro\HttpRequest.asvc
	EndProjectSection
EndProject
Project("{9A19103F-16F7-4668-BE54-9A1E7A4F7556}") = "SingleSchemaConsumer", "examples\kafka\avro\SingleSchemaConsumer\SingleSchemaConsumer.csproj", "{D0F73ADE-E262-4495-A00F-CE806C52A603}"
EndProject
Project("{9A19103F-16F7-4668-BE54-9A1E7A4F7556}") = "SchemaExamples", "examples\kafka\avro\SchemaExamples\SchemaExamples.csproj", "{D410EC07-8210-45C0-B1C7-2D3BB59E6F94}"
EndProject
Project("{9A19103F-16F7-4668-BE54-9A1E7A4F7556}") = "AvroMessageProducer", "examples\kafka\avro\AvroMessageProducer\AvroMessageProducer.csproj", "{971884AE-2216-40FD-80B4-2666154E2BBA}"
EndProject
Project("{9A19103F-16F7-4668-BE54-9A1E7A4F7556}") = "Diadophis.Kafka.Avro", "src\Diadophis.Kafka.Avro\Diadophis.Kafka.Avro.csproj", "{1A5F405E-D78F-4C6C-8920-121A7EE82F1D}"
EndProject
Project("{9A19103F-16F7-4668-BE54-9A1E7A4F7556}") = "Diadophis.Fakes", "test\Diadophis.Fakes\Diadophis.Fakes.csproj", "{6CBD696A-1162-47E9-81ED-37CAD0D26759}"
EndProject
Project("{FAE04EC0-301F-11D3-BF4B-00C04F79EFBC}") = "AvroConsumerProducer", "examples\kafka\avro\AvroConsumerProducer\AvroConsumerProducer.csproj", "{842276E3-1377-4C90-AE99-A4743CBFABED}"
EndProject
Global
	GlobalSection(SolutionConfigurationPlatforms) = preSolution
		Debug|Any CPU = Debug|Any CPU
		Debug|x64 = Debug|x64
		Debug|x86 = Debug|x86
		Release|Any CPU = Release|Any CPU
		Release|x64 = Release|x64
		Release|x86 = Release|x86
	EndGlobalSection
	GlobalSection(ProjectConfigurationPlatforms) = postSolution
		{E3249419-A43C-4ADF-AFFB-5BDB0EC6A7F7}.Debug|Any CPU.ActiveCfg = Debug|Any CPU
		{E3249419-A43C-4ADF-AFFB-5BDB0EC6A7F7}.Debug|Any CPU.Build.0 = Debug|Any CPU
		{E3249419-A43C-4ADF-AFFB-5BDB0EC6A7F7}.Debug|x64.ActiveCfg = Debug|Any CPU
		{E3249419-A43C-4ADF-AFFB-5BDB0EC6A7F7}.Debug|x64.Build.0 = Debug|Any CPU
		{E3249419-A43C-4ADF-AFFB-5BDB0EC6A7F7}.Debug|x86.ActiveCfg = Debug|Any CPU
		{E3249419-A43C-4ADF-AFFB-5BDB0EC6A7F7}.Debug|x86.Build.0 = Debug|Any CPU
		{E3249419-A43C-4ADF-AFFB-5BDB0EC6A7F7}.Release|Any CPU.ActiveCfg = Release|Any CPU
		{E3249419-A43C-4ADF-AFFB-5BDB0EC6A7F7}.Release|Any CPU.Build.0 = Release|Any CPU
		{E3249419-A43C-4ADF-AFFB-5BDB0EC6A7F7}.Release|x64.ActiveCfg = Release|Any CPU
		{E3249419-A43C-4ADF-AFFB-5BDB0EC6A7F7}.Release|x64.Build.0 = Release|Any CPU
		{E3249419-A43C-4ADF-AFFB-5BDB0EC6A7F7}.Release|x86.ActiveCfg = Release|Any CPU
		{E3249419-A43C-4ADF-AFFB-5BDB0EC6A7F7}.Release|x86.Build.0 = Release|Any CPU
		{37F464CC-689A-4757-B1D2-1585E0035FA0}.Debug|Any CPU.ActiveCfg = Debug|Any CPU
		{37F464CC-689A-4757-B1D2-1585E0035FA0}.Debug|Any CPU.Build.0 = Debug|Any CPU
		{37F464CC-689A-4757-B1D2-1585E0035FA0}.Debug|x64.ActiveCfg = Debug|Any CPU
		{37F464CC-689A-4757-B1D2-1585E0035FA0}.Debug|x64.Build.0 = Debug|Any CPU
		{37F464CC-689A-4757-B1D2-1585E0035FA0}.Debug|x86.ActiveCfg = Debug|Any CPU
		{37F464CC-689A-4757-B1D2-1585E0035FA0}.Debug|x86.Build.0 = Debug|Any CPU
		{37F464CC-689A-4757-B1D2-1585E0035FA0}.Release|Any CPU.ActiveCfg = Release|Any CPU
		{37F464CC-689A-4757-B1D2-1585E0035FA0}.Release|Any CPU.Build.0 = Release|Any CPU
		{37F464CC-689A-4757-B1D2-1585E0035FA0}.Release|x64.ActiveCfg = Release|Any CPU
		{37F464CC-689A-4757-B1D2-1585E0035FA0}.Release|x64.Build.0 = Release|Any CPU
		{37F464CC-689A-4757-B1D2-1585E0035FA0}.Release|x86.ActiveCfg = Release|Any CPU
		{37F464CC-689A-4757-B1D2-1585E0035FA0}.Release|x86.Build.0 = Release|Any CPU
		{8A916F66-B857-40D9-AFDF-906051CAC0FD}.Debug|Any CPU.ActiveCfg = Debug|Any CPU
		{8A916F66-B857-40D9-AFDF-906051CAC0FD}.Debug|Any CPU.Build.0 = Debug|Any CPU
		{8A916F66-B857-40D9-AFDF-906051CAC0FD}.Debug|x64.ActiveCfg = Debug|Any CPU
		{8A916F66-B857-40D9-AFDF-906051CAC0FD}.Debug|x64.Build.0 = Debug|Any CPU
		{8A916F66-B857-40D9-AFDF-906051CAC0FD}.Debug|x86.ActiveCfg = Debug|Any CPU
		{8A916F66-B857-40D9-AFDF-906051CAC0FD}.Debug|x86.Build.0 = Debug|Any CPU
		{8A916F66-B857-40D9-AFDF-906051CAC0FD}.Release|Any CPU.ActiveCfg = Release|Any CPU
		{8A916F66-B857-40D9-AFDF-906051CAC0FD}.Release|Any CPU.Build.0 = Release|Any CPU
		{8A916F66-B857-40D9-AFDF-906051CAC0FD}.Release|x64.ActiveCfg = Release|Any CPU
		{8A916F66-B857-40D9-AFDF-906051CAC0FD}.Release|x64.Build.0 = Release|Any CPU
		{8A916F66-B857-40D9-AFDF-906051CAC0FD}.Release|x86.ActiveCfg = Release|Any CPU
		{8A916F66-B857-40D9-AFDF-906051CAC0FD}.Release|x86.Build.0 = Release|Any CPU
		{74341F57-0AD7-47FB-A0BE-145EB40083FD}.Debug|Any CPU.ActiveCfg = Debug|Any CPU
		{74341F57-0AD7-47FB-A0BE-145EB40083FD}.Debug|Any CPU.Build.0 = Debug|Any CPU
		{74341F57-0AD7-47FB-A0BE-145EB40083FD}.Debug|x64.ActiveCfg = Debug|Any CPU
		{74341F57-0AD7-47FB-A0BE-145EB40083FD}.Debug|x64.Build.0 = Debug|Any CPU
		{74341F57-0AD7-47FB-A0BE-145EB40083FD}.Debug|x86.ActiveCfg = Debug|Any CPU
		{74341F57-0AD7-47FB-A0BE-145EB40083FD}.Debug|x86.Build.0 = Debug|Any CPU
		{74341F57-0AD7-47FB-A0BE-145EB40083FD}.Release|Any CPU.ActiveCfg = Release|Any CPU
		{74341F57-0AD7-47FB-A0BE-145EB40083FD}.Release|Any CPU.Build.0 = Release|Any CPU
		{74341F57-0AD7-47FB-A0BE-145EB40083FD}.Release|x64.ActiveCfg = Release|Any CPU
		{74341F57-0AD7-47FB-A0BE-145EB40083FD}.Release|x64.Build.0 = Release|Any CPU
		{74341F57-0AD7-47FB-A0BE-145EB40083FD}.Release|x86.ActiveCfg = Release|Any CPU
		{74341F57-0AD7-47FB-A0BE-145EB40083FD}.Release|x86.Build.0 = Release|Any CPU
		{7052610A-BC9E-47A0-9D9C-4F6D2AA9A48D}.Debug|Any CPU.ActiveCfg = Debug|Any CPU
		{7052610A-BC9E-47A0-9D9C-4F6D2AA9A48D}.Debug|Any CPU.Build.0 = Debug|Any CPU
		{7052610A-BC9E-47A0-9D9C-4F6D2AA9A48D}.Debug|x64.ActiveCfg = Debug|Any CPU
		{7052610A-BC9E-47A0-9D9C-4F6D2AA9A48D}.Debug|x64.Build.0 = Debug|Any CPU
		{7052610A-BC9E-47A0-9D9C-4F6D2AA9A48D}.Debug|x86.ActiveCfg = Debug|Any CPU
		{7052610A-BC9E-47A0-9D9C-4F6D2AA9A48D}.Debug|x86.Build.0 = Debug|Any CPU
		{7052610A-BC9E-47A0-9D9C-4F6D2AA9A48D}.Release|Any CPU.ActiveCfg = Release|Any CPU
		{7052610A-BC9E-47A0-9D9C-4F6D2AA9A48D}.Release|Any CPU.Build.0 = Release|Any CPU
		{7052610A-BC9E-47A0-9D9C-4F6D2AA9A48D}.Release|x64.ActiveCfg = Release|Any CPU
		{7052610A-BC9E-47A0-9D9C-4F6D2AA9A48D}.Release|x64.Build.0 = Release|Any CPU
		{7052610A-BC9E-47A0-9D9C-4F6D2AA9A48D}.Release|x86.ActiveCfg = Release|Any CPU
		{7052610A-BC9E-47A0-9D9C-4F6D2AA9A48D}.Release|x86.Build.0 = Release|Any CPU
		{2A6F9919-C953-4B6F-B164-CC6172458144}.Debug|Any CPU.ActiveCfg = Debug|Any CPU
		{2A6F9919-C953-4B6F-B164-CC6172458144}.Debug|Any CPU.Build.0 = Debug|Any CPU
		{2A6F9919-C953-4B6F-B164-CC6172458144}.Debug|x64.ActiveCfg = Debug|Any CPU
		{2A6F9919-C953-4B6F-B164-CC6172458144}.Debug|x64.Build.0 = Debug|Any CPU
		{2A6F9919-C953-4B6F-B164-CC6172458144}.Debug|x86.ActiveCfg = Debug|Any CPU
		{2A6F9919-C953-4B6F-B164-CC6172458144}.Debug|x86.Build.0 = Debug|Any CPU
		{2A6F9919-C953-4B6F-B164-CC6172458144}.Release|Any CPU.ActiveCfg = Release|Any CPU
		{2A6F9919-C953-4B6F-B164-CC6172458144}.Release|Any CPU.Build.0 = Release|Any CPU
		{2A6F9919-C953-4B6F-B164-CC6172458144}.Release|x64.ActiveCfg = Release|Any CPU
		{2A6F9919-C953-4B6F-B164-CC6172458144}.Release|x64.Build.0 = Release|Any CPU
		{2A6F9919-C953-4B6F-B164-CC6172458144}.Release|x86.ActiveCfg = Release|Any CPU
		{2A6F9919-C953-4B6F-B164-CC6172458144}.Release|x86.Build.0 = Release|Any CPU
		{8EB1EFF9-CE86-4EBC-9448-B92AB5C1186C}.Debug|Any CPU.ActiveCfg = Debug|Any CPU
		{8EB1EFF9-CE86-4EBC-9448-B92AB5C1186C}.Debug|Any CPU.Build.0 = Debug|Any CPU
		{8EB1EFF9-CE86-4EBC-9448-B92AB5C1186C}.Debug|x64.ActiveCfg = Debug|Any CPU
		{8EB1EFF9-CE86-4EBC-9448-B92AB5C1186C}.Debug|x64.Build.0 = Debug|Any CPU
		{8EB1EFF9-CE86-4EBC-9448-B92AB5C1186C}.Debug|x86.ActiveCfg = Debug|Any CPU
		{8EB1EFF9-CE86-4EBC-9448-B92AB5C1186C}.Debug|x86.Build.0 = Debug|Any CPU
		{8EB1EFF9-CE86-4EBC-9448-B92AB5C1186C}.Release|Any CPU.ActiveCfg = Release|Any CPU
		{8EB1EFF9-CE86-4EBC-9448-B92AB5C1186C}.Release|Any CPU.Build.0 = Release|Any CPU
		{8EB1EFF9-CE86-4EBC-9448-B92AB5C1186C}.Release|x64.ActiveCfg = Release|Any CPU
		{8EB1EFF9-CE86-4EBC-9448-B92AB5C1186C}.Release|x64.Build.0 = Release|Any CPU
		{8EB1EFF9-CE86-4EBC-9448-B92AB5C1186C}.Release|x86.ActiveCfg = Release|Any CPU
		{8EB1EFF9-CE86-4EBC-9448-B92AB5C1186C}.Release|x86.Build.0 = Release|Any CPU
		{218255D2-224B-4AAE-B22F-4114790E8594}.Debug|Any CPU.ActiveCfg = Debug|Any CPU
		{218255D2-224B-4AAE-B22F-4114790E8594}.Debug|Any CPU.Build.0 = Debug|Any CPU
		{218255D2-224B-4AAE-B22F-4114790E8594}.Debug|x64.ActiveCfg = Debug|Any CPU
		{218255D2-224B-4AAE-B22F-4114790E8594}.Debug|x64.Build.0 = Debug|Any CPU
		{218255D2-224B-4AAE-B22F-4114790E8594}.Debug|x86.ActiveCfg = Debug|Any CPU
		{218255D2-224B-4AAE-B22F-4114790E8594}.Debug|x86.Build.0 = Debug|Any CPU
		{218255D2-224B-4AAE-B22F-4114790E8594}.Release|Any CPU.ActiveCfg = Release|Any CPU
		{218255D2-224B-4AAE-B22F-4114790E8594}.Release|Any CPU.Build.0 = Release|Any CPU
		{218255D2-224B-4AAE-B22F-4114790E8594}.Release|x64.ActiveCfg = Release|Any CPU
		{218255D2-224B-4AAE-B22F-4114790E8594}.Release|x64.Build.0 = Release|Any CPU
		{218255D2-224B-4AAE-B22F-4114790E8594}.Release|x86.ActiveCfg = Release|Any CPU
		{218255D2-224B-4AAE-B22F-4114790E8594}.Release|x86.Build.0 = Release|Any CPU
		{D0F73ADE-E262-4495-A00F-CE806C52A603}.Debug|Any CPU.ActiveCfg = Debug|Any CPU
		{D0F73ADE-E262-4495-A00F-CE806C52A603}.Debug|Any CPU.Build.0 = Debug|Any CPU
		{D0F73ADE-E262-4495-A00F-CE806C52A603}.Debug|x64.ActiveCfg = Debug|Any CPU
		{D0F73ADE-E262-4495-A00F-CE806C52A603}.Debug|x64.Build.0 = Debug|Any CPU
		{D0F73ADE-E262-4495-A00F-CE806C52A603}.Debug|x86.ActiveCfg = Debug|Any CPU
		{D0F73ADE-E262-4495-A00F-CE806C52A603}.Debug|x86.Build.0 = Debug|Any CPU
		{D0F73ADE-E262-4495-A00F-CE806C52A603}.Release|Any CPU.ActiveCfg = Release|Any CPU
		{D0F73ADE-E262-4495-A00F-CE806C52A603}.Release|Any CPU.Build.0 = Release|Any CPU
		{D0F73ADE-E262-4495-A00F-CE806C52A603}.Release|x64.ActiveCfg = Release|Any CPU
		{D0F73ADE-E262-4495-A00F-CE806C52A603}.Release|x64.Build.0 = Release|Any CPU
		{D0F73ADE-E262-4495-A00F-CE806C52A603}.Release|x86.ActiveCfg = Release|Any CPU
		{D0F73ADE-E262-4495-A00F-CE806C52A603}.Release|x86.Build.0 = Release|Any CPU
		{D410EC07-8210-45C0-B1C7-2D3BB59E6F94}.Debug|Any CPU.ActiveCfg = Debug|Any CPU
		{D410EC07-8210-45C0-B1C7-2D3BB59E6F94}.Debug|Any CPU.Build.0 = Debug|Any CPU
		{D410EC07-8210-45C0-B1C7-2D3BB59E6F94}.Debug|x64.ActiveCfg = Debug|Any CPU
		{D410EC07-8210-45C0-B1C7-2D3BB59E6F94}.Debug|x64.Build.0 = Debug|Any CPU
		{D410EC07-8210-45C0-B1C7-2D3BB59E6F94}.Debug|x86.ActiveCfg = Debug|Any CPU
		{D410EC07-8210-45C0-B1C7-2D3BB59E6F94}.Debug|x86.Build.0 = Debug|Any CPU
		{D410EC07-8210-45C0-B1C7-2D3BB59E6F94}.Release|Any CPU.ActiveCfg = Release|Any CPU
		{D410EC07-8210-45C0-B1C7-2D3BB59E6F94}.Release|Any CPU.Build.0 = Release|Any CPU
		{D410EC07-8210-45C0-B1C7-2D3BB59E6F94}.Release|x64.ActiveCfg = Release|Any CPU
		{D410EC07-8210-45C0-B1C7-2D3BB59E6F94}.Release|x64.Build.0 = Release|Any CPU
		{D410EC07-8210-45C0-B1C7-2D3BB59E6F94}.Release|x86.ActiveCfg = Release|Any CPU
		{D410EC07-8210-45C0-B1C7-2D3BB59E6F94}.Release|x86.Build.0 = Release|Any CPU
		{971884AE-2216-40FD-80B4-2666154E2BBA}.Debug|Any CPU.ActiveCfg = Debug|Any CPU
		{971884AE-2216-40FD-80B4-2666154E2BBA}.Debug|Any CPU.Build.0 = Debug|Any CPU
		{971884AE-2216-40FD-80B4-2666154E2BBA}.Debug|x64.ActiveCfg = Debug|Any CPU
		{971884AE-2216-40FD-80B4-2666154E2BBA}.Debug|x64.Build.0 = Debug|Any CPU
		{971884AE-2216-40FD-80B4-2666154E2BBA}.Debug|x86.ActiveCfg = Debug|Any CPU
		{971884AE-2216-40FD-80B4-2666154E2BBA}.Debug|x86.Build.0 = Debug|Any CPU
		{971884AE-2216-40FD-80B4-2666154E2BBA}.Release|Any CPU.ActiveCfg = Release|Any CPU
		{971884AE-2216-40FD-80B4-2666154E2BBA}.Release|Any CPU.Build.0 = Release|Any CPU
		{971884AE-2216-40FD-80B4-2666154E2BBA}.Release|x64.ActiveCfg = Release|Any CPU
		{971884AE-2216-40FD-80B4-2666154E2BBA}.Release|x64.Build.0 = Release|Any CPU
		{971884AE-2216-40FD-80B4-2666154E2BBA}.Release|x86.ActiveCfg = Release|Any CPU
		{971884AE-2216-40FD-80B4-2666154E2BBA}.Release|x86.Build.0 = Release|Any CPU
		{1A5F405E-D78F-4C6C-8920-121A7EE82F1D}.Debug|Any CPU.ActiveCfg = Debug|Any CPU
		{1A5F405E-D78F-4C6C-8920-121A7EE82F1D}.Debug|Any CPU.Build.0 = Debug|Any CPU
		{1A5F405E-D78F-4C6C-8920-121A7EE82F1D}.Debug|x64.ActiveCfg = Debug|Any CPU
		{1A5F405E-D78F-4C6C-8920-121A7EE82F1D}.Debug|x64.Build.0 = Debug|Any CPU
		{1A5F405E-D78F-4C6C-8920-121A7EE82F1D}.Debug|x86.ActiveCfg = Debug|Any CPU
		{1A5F405E-D78F-4C6C-8920-121A7EE82F1D}.Debug|x86.Build.0 = Debug|Any CPU
		{1A5F405E-D78F-4C6C-8920-121A7EE82F1D}.Release|Any CPU.ActiveCfg = Release|Any CPU
		{1A5F405E-D78F-4C6C-8920-121A7EE82F1D}.Release|Any CPU.Build.0 = Release|Any CPU
		{1A5F405E-D78F-4C6C-8920-121A7EE82F1D}.Release|x64.ActiveCfg = Release|Any CPU
		{1A5F405E-D78F-4C6C-8920-121A7EE82F1D}.Release|x64.Build.0 = Release|Any CPU
		{1A5F405E-D78F-4C6C-8920-121A7EE82F1D}.Release|x86.ActiveCfg = Release|Any CPU
		{1A5F405E-D78F-4C6C-8920-121A7EE82F1D}.Release|x86.Build.0 = Release|Any CPU
		{6CBD696A-1162-47E9-81ED-37CAD0D26759}.Debug|Any CPU.ActiveCfg = Debug|Any CPU
		{6CBD696A-1162-47E9-81ED-37CAD0D26759}.Debug|Any CPU.Build.0 = Debug|Any CPU
		{6CBD696A-1162-47E9-81ED-37CAD0D26759}.Debug|x64.ActiveCfg = Debug|Any CPU
		{6CBD696A-1162-47E9-81ED-37CAD0D26759}.Debug|x64.Build.0 = Debug|Any CPU
		{6CBD696A-1162-47E9-81ED-37CAD0D26759}.Debug|x86.ActiveCfg = Debug|Any CPU
		{6CBD696A-1162-47E9-81ED-37CAD0D26759}.Debug|x86.Build.0 = Debug|Any CPU
		{6CBD696A-1162-47E9-81ED-37CAD0D26759}.Release|Any CPU.ActiveCfg = Release|Any CPU
		{6CBD696A-1162-47E9-81ED-37CAD0D26759}.Release|Any CPU.Build.0 = Release|Any CPU
		{6CBD696A-1162-47E9-81ED-37CAD0D26759}.Release|x64.ActiveCfg = Release|Any CPU
		{6CBD696A-1162-47E9-81ED-37CAD0D26759}.Release|x64.Build.0 = Release|Any CPU
		{6CBD696A-1162-47E9-81ED-37CAD0D26759}.Release|x86.ActiveCfg = Release|Any CPU
		{6CBD696A-1162-47E9-81ED-37CAD0D26759}.Release|x86.Build.0 = Release|Any CPU
		{842276E3-1377-4C90-AE99-A4743CBFABED}.Debug|Any CPU.ActiveCfg = Debug|Any CPU
		{842276E3-1377-4C90-AE99-A4743CBFABED}.Debug|Any CPU.Build.0 = Debug|Any CPU
		{842276E3-1377-4C90-AE99-A4743CBFABED}.Debug|x64.ActiveCfg = Debug|Any CPU
		{842276E3-1377-4C90-AE99-A4743CBFABED}.Debug|x64.Build.0 = Debug|Any CPU
		{842276E3-1377-4C90-AE99-A4743CBFABED}.Debug|x86.ActiveCfg = Debug|Any CPU
		{842276E3-1377-4C90-AE99-A4743CBFABED}.Debug|x86.Build.0 = Debug|Any CPU
		{842276E3-1377-4C90-AE99-A4743CBFABED}.Release|Any CPU.ActiveCfg = Release|Any CPU
		{842276E3-1377-4C90-AE99-A4743CBFABED}.Release|Any CPU.Build.0 = Release|Any CPU
		{842276E3-1377-4C90-AE99-A4743CBFABED}.Release|x64.ActiveCfg = Release|Any CPU
		{842276E3-1377-4C90-AE99-A4743CBFABED}.Release|x64.Build.0 = Release|Any CPU
		{842276E3-1377-4C90-AE99-A4743CBFABED}.Release|x86.ActiveCfg = Release|Any CPU
		{842276E3-1377-4C90-AE99-A4743CBFABED}.Release|x86.Build.0 = Release|Any CPU
	EndGlobalSection
	GlobalSection(SolutionProperties) = preSolution
		HideSolutionNode = FALSE
	EndGlobalSection
	GlobalSection(NestedProjects) = preSolution
		{E3249419-A43C-4ADF-AFFB-5BDB0EC6A7F7} = {197AB6A4-73B8-488E-B6DA-9E35593D59A3}
		{37F464CC-689A-4757-B1D2-1585E0035FA0} = {153015B9-28F4-46E0-BB13-BA403CD13105}
		{8A916F66-B857-40D9-AFDF-906051CAC0FD} = {197AB6A4-73B8-488E-B6DA-9E35593D59A3}
		{74341F57-0AD7-47FB-A0BE-145EB40083FD} = {153015B9-28F4-46E0-BB13-BA403CD13105}
		{8F3F4E5F-2B6C-4159-961E-543366513163} = {E9893CF9-7EDF-40A2-BB06-BECD70E2BFDE}
		{7052610A-BC9E-47A0-9D9C-4F6D2AA9A48D} = {8F3F4E5F-2B6C-4159-961E-543366513163}
		{2A6F9919-C953-4B6F-B164-CC6172458144} = {197AB6A4-73B8-488E-B6DA-9E35593D59A3}
		{8EB1EFF9-CE86-4EBC-9448-B92AB5C1186C} = {153015B9-28F4-46E0-BB13-BA403CD13105}
		{A5F0B4B3-C91E-41D2-94A5-6D5F68AA9CE2} = {E9893CF9-7EDF-40A2-BB06-BECD70E2BFDE}
		{218255D2-224B-4AAE-B22F-4114790E8594} = {A5F0B4B3-C91E-41D2-94A5-6D5F68AA9CE2}
		{C7EB3D16-AA43-4DCF-B191-B6AABE618B46} = {8F3F4E5F-2B6C-4159-961E-543366513163}
		{D0F73ADE-E262-4495-A00F-CE806C52A603} = {C7EB3D16-AA43-4DCF-B191-B6AABE618B46}
		{D410EC07-8210-45C0-B1C7-2D3BB59E6F94} = {C7EB3D16-AA43-4DCF-B191-B6AABE618B46}
		{971884AE-2216-40FD-80B4-2666154E2BBA} = {C7EB3D16-AA43-4DCF-B191-B6AABE618B46}
		{1A5F405E-D78F-4C6C-8920-121A7EE82F1D} = {197AB6A4-73B8-488E-B6DA-9E35593D59A3}
		{6CBD696A-1162-47E9-81ED-37CAD0D26759} = {153015B9-28F4-46E0-BB13-BA403CD13105}
		{842276E3-1377-4C90-AE99-A4743CBFABED} = {C7EB3D16-AA43-4DCF-B191-B6AABE618B46}
	EndGlobalSection
	GlobalSection(ExtensibilityGlobals) = postSolution
		SolutionGuid = {F7AFFDD9-5F0F-4F0E-B5DD-1C253F0B2E16}
	EndGlobalSection
EndGlobal
